
Microsoft Visual Studio Solution File, Format Version 10.00
# Visual Studio 2008
Project("{FAE04EC0-301F-11D3-BF4B-00C04F79EFBC}") = "Robot_Racers", "Robot_Racers\Robot_Racers.csproj", "{32EFB714-D808-478E-BF36-389E5DECC63C}"
EndProject
Project("{FAE04EC0-301F-11D3-BF4B-00C04F79EFBC}") = "Content", "Robot_Racers\Content\Content.contentproj", "{C2152F36-93F0-4D91-807A-DE7C44AB6AF1}"
EndProject
Global
	GlobalSection(SolutionConfigurationPlatforms) = preSolution
		Debug|Any CPU = Debug|Any CPU
		Debug|Mixed Platforms = Debug|Mixed Platforms
		Debug|x86 = Debug|x86
		Release|Any CPU = Release|Any CPU
		Release|Mixed Platforms = Release|Mixed Platforms
		Release|x86 = Release|x86
	EndGlobalSection
	GlobalSection(ProjectConfigurationPlatforms) = postSolution
		{32EFB714-D808-478E-BF36-389E5DECC63C}.Debug|Any CPU.ActiveCfg = Debug|Any CPU
		{32EFB714-D808-478E-BF36-389E5DECC63C}.Debug|Any CPU.Build.0 = Debug|Any CPU
		{32EFB714-D808-478E-BF36-389E5DECC63C}.Debug|Mixed Platforms.ActiveCfg = Debug|Any CPU
		{32EFB714-D808-478E-BF36-389E5DECC63C}.Debug|Mixed Platforms.Build.0 = Debug|Any CPU
		{32EFB714-D808-478E-BF36-389E5DECC63C}.Debug|x86.ActiveCfg = Debug|Any CPU
		{32EFB714-D808-478E-BF36-389E5DECC63C}.Release|Any CPU.ActiveCfg = Release|Any CPU
		{32EFB714-D808-478E-BF36-389E5DECC63C}.Release|Any CPU.Build.0 = Release|Any CPU
		{32EFB714-D808-478E-BF36-389E5DECC63C}.Release|Mixed Platforms.ActiveCfg = Release|Any CPU
		{32EFB714-D808-478E-BF36-389E5DECC63C}.Release|Mixed Platforms.Build.0 = Release|Any CPU
		{32EFB714-D808-478E-BF36-389E5DECC63C}.Release|x86.ActiveCfg = Release|Any CPU
	EndGlobalSection
	GlobalSection(SolutionProperties) = preSolution
		HideSolutionNode = FALSE
	EndGlobalSection
EndGlobal
